
Microsoft Visual Studio Solution File, Format Version 12.00
# Visual Studio Version 17
VisualStudioVersion = 17.7.34018.315
MinimumVisualStudioVersion = 10.0.40219.1
Project("{FAE04EC0-301F-11D3-BF4B-00C04F79EFBC}") = "WinFormsApp1", "WinFormsApp1\WinFormsApp1.csproj", "{E048DFA0-16E2-4500-BE2C-BF96729782E8}"
EndProject
Global
	GlobalSection(SolutionConfigurationPlatforms) = preSolution
		Debug|Any CPU = Debug|Any CPU
		Release|Any CPU = Release|Any CPU
	EndGlobalSection
	GlobalSection(ProjectConfigurationPlatforms) = postSolution
		{E048DFA0-16E2-4500-BE2C-BF96729782E8}.Debug|Any CPU.ActiveCfg = Debug|Any CPU
		{E048DFA0-16E2-4500-BE2C-BF96729782E8}.Debug|Any CPU.Build.0 = Debug|Any CPU
		{E048DFA0-16E2-4500-BE2C-BF96729782E8}.Release|Any CPU.ActiveCfg = Release|Any CPU
		{E048DFA0-16E2-4500-BE2C-BF96729782E8}.Release|Any CPU.Build.0 = Release|Any CPU
	EndGlobalSection
	GlobalSection(SolutionProperties) = preSolution
		HideSolutionNode = FALSE
	EndGlobalSection
	GlobalSection(ExtensibilityGlobals) = postSolution
		SolutionGuid = {8E729597-3740-43F0-A17E-FFDE2C30601C}
	EndGlobalSection
EndGlobal
